// !$*UTF8*$!
{
	archiveVersion = 1;
	classes = {
	};
	objectVersion = 46;
	objects = {

/* Begin PBXBuildFile section */
		7C5FEA581CD3547200E7B958 /* Launch Screen.storyboard in Resources */ = {isa = PBXBuildFile; fileRef = 7C5FEA571CD3547200E7B958 /* Launch Screen.storyboard */; };
		7C5FEA5E1CD362E400E7B958 /* ECOBaseView.m in Sources */ = {isa = PBXBuildFile; fileRef = 7C5FEA5D1CD362E400E7B958 /* ECOBaseView.m */; };
		7C66EE671CD34BF8008EFE8B /* AppDelegate.m in Sources */ = {isa = PBXBuildFile; fileRef = 7C66EE551CD34BF8008EFE8B /* AppDelegate.m */; };
		7C66EE681CD34BF8008EFE8B /* ViewController.m in Sources */ = {isa = PBXBuildFile; fileRef = 7C66EE5A1CD34BF8008EFE8B /* ViewController.m */; };
		7C66EE691CD34BF8008EFE8B /* ECO.xcdatamodeld in Sources */ = {isa = PBXBuildFile; fileRef = 7C66EE5E1CD34BF8008EFE8B /* ECO.xcdatamodeld */; };
		7C66EE6A1CD34BF8008EFE8B /* Info.plist in Resources */ = {isa = PBXBuildFile; fileRef = 7C66EE641CD34BF8008EFE8B /* Info.plist */; };
		7C66EE6B1CD34BF8008EFE8B /* main.m in Sources */ = {isa = PBXBuildFile; fileRef = 7C66EE651CD34BF8008EFE8B /* main.m */; };
/* End PBXBuildFile section */

/* Begin PBXFileReference section */
		7C22745A1CD349B80090FF48 /* ECO.app */ = {isa = PBXFileReference; explicitFileType = wrapper.application; includeInIndex = 0; path = ECO.app; sourceTree = BUILT_PRODUCTS_DIR; };
		7C5FEA551CD3519F00E7B958 /* Config.h */ = {isa = PBXFileReference; lastKnownFileType = sourcecode.c.h; path = Config.h; sourceTree = "<group>"; };
		7C5FEA571CD3547200E7B958 /* Launch Screen.storyboard */ = {isa = PBXFileReference; fileEncoding = 4; lastKnownFileType = file.storyboard; path = "Launch Screen.storyboard"; sourceTree = "<group>"; };
		7C5FEA5C1CD362E400E7B958 /* ECOBaseView.h */ = {isa = PBXFileReference; fileEncoding = 4; lastKnownFileType = sourcecode.c.h; path = ECOBaseView.h; sourceTree = "<group>"; };
		7C5FEA5D1CD362E400E7B958 /* ECOBaseView.m */ = {isa = PBXFileReference; fileEncoding = 4; lastKnownFileType = sourcecode.c.objc; path = ECOBaseView.m; sourceTree = "<group>"; };
		7C66EE541CD34BF8008EFE8B /* AppDelegate.h */ = {isa = PBXFileReference; fileEncoding = 4; lastKnownFileType = sourcecode.c.h; path = AppDelegate.h; sourceTree = "<group>"; };
		7C66EE551CD34BF8008EFE8B /* AppDelegate.m */ = {isa = PBXFileReference; fileEncoding = 4; lastKnownFileType = sourcecode.c.objc; path = AppDelegate.m; sourceTree = "<group>"; };
		7C66EE591CD34BF8008EFE8B /* ViewController.h */ = {isa = PBXFileReference; fileEncoding = 4; lastKnownFileType = sourcecode.c.h; path = ViewController.h; sourceTree = "<group>"; };
		7C66EE5A1CD34BF8008EFE8B /* ViewController.m */ = {isa = PBXFileReference; fileEncoding = 4; lastKnownFileType = sourcecode.c.objc; path = ViewController.m; sourceTree = "<group>"; };
		7C66EE5F1CD34BF8008EFE8B /* ECO.xcdatamodel */ = {isa = PBXFileReference; lastKnownFileType = wrapper.xcdatamodel; path = ECO.xcdatamodel; sourceTree = "<group>"; };
		7C66EE641CD34BF8008EFE8B /* Info.plist */ = {isa = PBXFileReference; fileEncoding = 4; lastKnownFileType = text.plist.xml; path = Info.plist; sourceTree = "<group>"; };
		7C66EE651CD34BF8008EFE8B /* main.m */ = {isa = PBXFileReference; fileEncoding = 4; lastKnownFileType = sourcecode.c.objc; path = main.m; sourceTree = "<group>"; };
/* End PBXFileReference section */

/* Begin PBXFrameworksBuildPhase section */
		7C2274571CD349B80090FF48 /* Frameworks */ = {
			isa = PBXFrameworksBuildPhase;
			buildActionMask = 2147483647;
			files = (
			);
			runOnlyForDeploymentPostprocessing = 0;
		};
/* End PBXFrameworksBuildPhase section */

/* Begin PBXGroup section */
		7C2274511CD349B80090FF48 = {
			isa = PBXGroup;
			children = (
				7C22745C1CD349B80090FF48 /* ECO */,
				7C22745B1CD349B80090FF48 /* Products */,
			);
			sourceTree = "<group>";
		};
		7C22745B1CD349B80090FF48 /* Products */ = {
			isa = PBXGroup;
			children = (
				7C22745A1CD349B80090FF48 /* ECO.app */,
			);
			name = Products;
			sourceTree = "<group>";
		};
		7C22745C1CD349B80090FF48 /* ECO */ = {
			isa = PBXGroup;
			children = (
				7C66EE531CD34BF8008EFE8B /* Application */,
				7C66EE561CD34BF8008EFE8B /* Base */,
				7C66EE571CD34BF8008EFE8B /* Categories */,
				7C66EE581CD34BF8008EFE8B /* Controller */,
				7C66EE5B1CD34BF8008EFE8B /* Database */,
				7C66EE5C1CD34BF8008EFE8B /* Handler */,
				7C66EE5D1CD34BF8008EFE8B /* Model */,
				7C66EE601CD34BF8008EFE8B /* Network */,
				7C66EE611CD34BF8008EFE8B /* Resource */,
				7C66EE621CD34BF8008EFE8B /* Storage */,
				7C66EE631CD34BF8008EFE8B /* Utils */,
				7C66EE661CD34BF8008EFE8B /* View */,
			);
			path = ECO;
			sourceTree = "<group>";
		};
		7C66EE531CD34BF8008EFE8B /* Application */ = {
			isa = PBXGroup;
			children = (
				7C66EE541CD34BF8008EFE8B /* AppDelegate.h */,
				7C66EE551CD34BF8008EFE8B /* AppDelegate.m */,
			);
			path = Application;
			sourceTree = "<group>";
		};
		7C66EE561CD34BF8008EFE8B /* Base */ = {
			isa = PBXGroup;
			children = (
				7C5FEA5C1CD362E400E7B958 /* ECOBaseView.h */,
				7C5FEA5D1CD362E400E7B958 /* ECOBaseView.m */,
			);
			path = Base;
			sourceTree = "<group>";
		};
		7C66EE571CD34BF8008EFE8B /* Categories */ = {
			isa = PBXGroup;
			children = (
			);
			path = Categories;
			sourceTree = "<group>";
		};
		7C66EE581CD34BF8008EFE8B /* Controller */ = {
			isa = PBXGroup;
			children = (
				7C66EE591CD34BF8008EFE8B /* ViewController.h */,
				7C66EE5A1CD34BF8008EFE8B /* ViewController.m */,
			);
			path = Controller;
			sourceTree = "<group>";
		};
		7C66EE5B1CD34BF8008EFE8B /* Database */ = {
			isa = PBXGroup;
			children = (
			);
			path = Database;
			sourceTree = "<group>";
		};
		7C66EE5C1CD34BF8008EFE8B /* Handler */ = {
			isa = PBXGroup;
			children = (
			);
			path = Handler;
			sourceTree = "<group>";
		};
		7C66EE5D1CD34BF8008EFE8B /* Model */ = {
			isa = PBXGroup;
			children = (
				7C66EE5E1CD34BF8008EFE8B /* ECO.xcdatamodeld */,
			);
			path = Model;
			sourceTree = "<group>";
		};
		7C66EE601CD34BF8008EFE8B /* Network */ = {
			isa = PBXGroup;
			children = (
			);
			path = Network;
			sourceTree = "<group>";
		};
		7C66EE611CD34BF8008EFE8B /* Resource */ = {
			isa = PBXGroup;
			children = (
				7C5FEA571CD3547200E7B958 /* Launch Screen.storyboard */,
			);
			path = Resource;
			sourceTree = "<group>";
		};
		7C66EE621CD34BF8008EFE8B /* Storage */ = {
			isa = PBXGroup;
			children = (
			);
			path = Storage;
			sourceTree = "<group>";
		};
		7C66EE631CD34BF8008EFE8B /* Utils */ = {
			isa = PBXGroup;
			children = (
				7C66EE641CD34BF8008EFE8B /* Info.plist */,
				7C66EE651CD34BF8008EFE8B /* main.m */,
				7C5FEA551CD3519F00E7B958 /* Config.h */,
			);
			path = Utils;
			sourceTree = "<group>";
		};
		7C66EE661CD34BF8008EFE8B /* View */ = {
			isa = PBXGroup;
			children = (
			);
			path = View;
			sourceTree = "<group>";
		};
/* End PBXGroup section */

/* Begin PBXNativeTarget section */
		7C2274591CD349B80090FF48 /* ECO */ = {
			isa = PBXNativeTarget;
			buildConfigurationList = 7C2274741CD349B80090FF48 /* Build configuration list for PBXNativeTarget "ECO" */;
			buildPhases = (
				7C2274561CD349B80090FF48 /* Sources */,
				7C2274571CD349B80090FF48 /* Frameworks */,
				7C2274581CD349B80090FF48 /* Resources */,
			);
			buildRules = (
			);
			dependencies = (
			);
			name = ECO;
			productName = ECO;
			productReference = 7C22745A1CD349B80090FF48 /* ECO.app */;
			productType = "com.apple.product-type.application";
		};
/* End PBXNativeTarget section */

/* Begin PBXProject section */
		7C2274521CD349B80090FF48 /* Project object */ = {
			isa = PBXProject;
			attributes = {
				LastUpgradeCheck = 0730;
				ORGANIZATIONNAME = ECO;
				TargetAttributes = {
					7C2274591CD349B80090FF48 = {
						CreatedOnToolsVersion = 7.3;
						DevelopmentTeam = QVE627LQQ8;
					};
				};
			};
			buildConfigurationList = 7C2274551CD349B80090FF48 /* Build configuration list for PBXProject "ECO" */;
			compatibilityVersion = "Xcode 3.2";
			developmentRegion = English;
			hasScannedForEncodings = 0;
			knownRegions = (
				en,
				Base,
			);
			mainGroup = 7C2274511CD349B80090FF48;
			productRefGroup = 7C22745B1CD349B80090FF48 /* Products */;
			projectDirPath = "";
			projectRoot = "";
			targets = (
				7C2274591CD349B80090FF48 /* ECO */,
			);
		};
/* End PBXProject section */

/* Begin PBXResourcesBuildPhase section */
		7C2274581CD349B80090FF48 /* Resources */ = {
			isa = PBXResourcesBuildPhase;
			buildActionMask = 2147483647;
			files = (
				7C5FEA581CD3547200E7B958 /* Launch Screen.storyboard in Resources */,
				7C66EE6A1CD34BF8008EFE8B /* Info.plist in Resources */,
			);
			runOnlyForDeploymentPostprocessing = 0;
		};
/* End PBXResourcesBuildPhase section */

/* Begin PBXSourcesBuildPhase section */
		7C2274561CD349B80090FF48 /* Sources */ = {
			isa = PBXSourcesBuildPhase;
			buildActionMask = 2147483647;
			files = (
				7C66EE691CD34BF8008EFE8B /* ECO.xcdatamodeld in Sources */,
				7C66EE681CD34BF8008EFE8B /* ViewController.m in Sources */,
				7C66EE6B1CD34BF8008EFE8B /* main.m in Sources */,
				7C66EE671CD34BF8008EFE8B /* AppDelegate.m in Sources */,
				7C5FEA5E1CD362E400E7B958 /* ECOBaseView.m in Sources */,
			);
			runOnlyForDeploymentPostprocessing = 0;
		};
/* End PBXSourcesBuildPhase section */

/* Begin XCBuildConfiguration section */
		7C2274721CD349B80090FF48 /* Debug */ = {
			isa = XCBuildConfiguration;
			buildSettings = {
				ALWAYS_SEARCH_USER_PATHS = NO;
				CLANG_ANALYZER_NONNULL = YES;
				CLANG_CXX_LANGUAGE_STANDARD = "gnu++0x";
				CLANG_CXX_LIBRARY = "libc++";
				CLANG_ENABLE_MODULES = YES;
				CLANG_ENABLE_OBJC_ARC = YES;
				CLANG_WARN_BOOL_CONVERSION = YES;
				CLANG_WARN_CONSTANT_CONVERSION = YES;
				CLANG_WARN_DIRECT_OBJC_ISA_USAGE = YES_ERROR;
				CLANG_WARN_EMPTY_BODY = YES;
				CLANG_WARN_ENUM_CONVERSION = YES;
				CLANG_WARN_INT_CONVERSION = YES;
				CLANG_WARN_OBJC_ROOT_CLASS = YES_ERROR;
				CLANG_WARN_UNREACHABLE_CODE = YES;
				CLANG_WARN__DUPLICATE_METHOD_MATCH = YES;
				"CODE_SIGN_IDENTITY[sdk=iphoneos*]" = "iPhone Developer";
				COPY_PHASE_STRIP = NO;
				DEBUG_INFORMATION_FORMAT = dwarf;
				ENABLE_STRICT_OBJC_MSGSEND = YES;
				ENABLE_TESTABILITY = YES;
				GCC_C_LANGUAGE_STANDARD = gnu99;
				GCC_DYNAMIC_NO_PIC = NO;
				GCC_NO_COMMON_BLOCKS = YES;
				GCC_OPTIMIZATION_LEVEL = 0;
				GCC_PREPROCESSOR_DEFINITIONS = (
					"DEBUG=1",
					"$(inherited)",
				);
				GCC_WARN_64_TO_32_BIT_CONVERSION = YES;
				GCC_WARN_ABOUT_RETURN_TYPE = YES_ERROR;
				GCC_WARN_UNDECLARED_SELECTOR = YES;
				GCC_WARN_UNINITIALIZED_AUTOS = YES_AGGRESSIVE;
				GCC_WARN_UNUSED_FUNCTION = YES;
				GCC_WARN_UNUSED_VARIABLE = YES;
				IPHONEOS_DEPLOYMENT_TARGET = 9.3;
				MTL_ENABLE_DEBUG_INFO = YES;
				ONLY_ACTIVE_ARCH = YES;
				SDKROOT = iphoneos;
			};
			name = Debug;
		};
		7C2274731CD349B80090FF48 /* Release */ = {
			isa = XCBuildConfiguration;
			buildSettings = {
				ALWAYS_SEARCH_USER_PATHS = NO;
				CLANG_ANALYZER_NONNULL = YES;
				CLANG_CXX_LANGUAGE_STANDARD = "gnu++0x";
				CLANG_CXX_LIBRARY = "libc++";
				CLANG_ENABLE_MODULES = YES;
				CLANG_ENABLE_OBJC_ARC = YES;
				CLANG_WARN_BOOL_CONVERSION = YES;
				CLANG_WARN_CONSTANT_CONVERSION = YES;
				CLANG_WARN_DIRECT_OBJC_ISA_USAGE = YES_ERROR;
				CLANG_WARN_EMPTY_BODY = YES;
				CLANG_WARN_ENUM_CONVERSION = YES;
				CLANG_WARN_INT_CONVERSION = YES;
				CLANG_WARN_OBJC_ROOT_CLASS = YES_ERROR;
				CLANG_WARN_UNREACHABLE_CODE = YES;
				CLANG_WARN__DUPLICATE_METHOD_MATCH = YES;
				"CODE_SIGN_IDENTITY[sdk=iphoneos*]" = "iPhone Developer";
				COPY_PHASE_STRIP = NO;
				DEBUG_INFORMATION_FORMAT = "dwarf-with-dsym";
				ENABLE_NS_ASSERTIONS = NO;
				ENABLE_STRICT_OBJC_MSGSEND = YES;
				GCC_C_LANGUAGE_STANDARD = gnu99;
				GCC_NO_COMMON_BLOCKS = YES;
				GCC_WARN_64_TO_32_BIT_CONVERSION = YES;
				GCC_WARN_ABOUT_RETURN_TYPE = YES_ERROR;
				GCC_WARN_UNDECLARED_SELECTOR = YES;
				GCC_WARN_UNINITIALIZED_AUTOS = YES_AGGRESSIVE;
				GCC_WARN_UNUSED_FUNCTION = YES;
				GCC_WARN_UNUSED_VARIABLE = YES;
				IPHONEOS_DEPLOYMENT_TARGET = 9.3;
				MTL_ENABLE_DEBUG_INFO = NO;
				SDKROOT = iphoneos;
				VALIDATE_PRODUCT = YES;
			};
			name = Release;
		};
		7C2274751CD349B80090FF48 /* Debug */ = {
			isa = XCBuildConfiguration;
			buildSettings = {
				CODE_SIGN_IDENTITY = "iPhone Developer";
				"CODE_SIGN_IDENTITY[sdk=iphoneos*]" = "iPhone Developer";
				GCC_PRECOMPILE_PREFIX_HEADER = NO;
				INFOPLIST_FILE = "$(SRCROOT)/ECO/Utils/Info.plist";
				LD_RUNPATH_SEARCH_PATHS = "$(inherited) @executable_path/Frameworks";
				PRODUCT_BUNDLE_IDENTIFIER = ECO.ECO;
				PRODUCT_NAME = "$(TARGET_NAME)";
				PROVISIONING_PROFILE = "";
			};
			name = Debug;
		};
		7C2274761CD349B80090FF48 /* Release */ = {
			isa = XCBuildConfiguration;
			buildSettings = {
				CODE_SIGN_IDENTITY = "iPhone Developer";
				"CODE_SIGN_IDENTITY[sdk=iphoneos*]" = "iPhone Developer";
				GCC_PRECOMPILE_PREFIX_HEADER = NO;
				INFOPLIST_FILE = "$(SRCROOT)/ECO/Utils/Info.plist";
				LD_RUNPATH_SEARCH_PATHS = "$(inherited) @executable_path/Frameworks";
				PRODUCT_BUNDLE_IDENTIFIER = ECO.ECO;
				PRODUCT_NAME = "$(TARGET_NAME)";
				PROVISIONING_PROFILE = "";
			};
			name = Release;
		};
/* End XCBuildConfiguration section */

/* Begin XCConfigurationList section */
		7C2274551CD349B80090FF48 /* Build configuration list for PBXProject "ECO" */ = {
			isa = XCConfigurationList;
			buildConfigurations = (
				7C2274721CD349B80090FF48 /* Debug */,
				7C2274731CD349B80090FF48 /* Release */,
			);
			defaultConfigurationIsVisible = 0;
			defaultConfigurationName = Release;
		};
		7C2274741CD349B80090FF48 /* Build configuration list for PBXNativeTarget "ECO" */ = {
			isa = XCConfigurationList;
			buildConfigurations = (
				7C2274751CD349B80090FF48 /* Debug */,
				7C2274761CD349B80090FF48 /* Release */,
			);
			defaultConfigurationIsVisible = 0;
			defaultConfigurationName = Release;
		};
/* End XCConfigurationList section */

/* Begin XCVersionGroup section */
		7C66EE5E1CD34BF8008EFE8B /* ECO.xcdatamodeld */ = {
			isa = XCVersionGroup;
			children = (
				7C66EE5F1CD34BF8008EFE8B /* ECO.xcdatamodel */,
			);
			currentVersion = 7C66EE5F1CD34BF8008EFE8B /* ECO.xcdatamodel */;
			path = ECO.xcdatamodeld;
			sourceTree = "<group>";
			versionGroupType = wrapper.xcdatamodel;
		};
/* End XCVersionGroup section */
	};
	rootObject = 7C2274521CD349B80090FF48 /* Project object */;
}
